// !$*UTF8*$!
{
	archiveVersion = 1;
	classes = {
	};
	objectVersion = 50;
	objects = {

/* Begin PBXBuildFile section */
		408748B521FC6CCA00F55176 /* AppDelegate.swift in Sources */ = {isa = PBXBuildFile; fileRef = 408748B421FC6CCA00F55176 /* AppDelegate.swift */; };
		408748B721FC6CCA00F55176 /* ViewController.swift in Sources */ = {isa = PBXBuildFile; fileRef = 408748B621FC6CCA00F55176 /* ViewController.swift */; };
		408748BA21FC6CCA00F55176 /* Main.storyboard in Resources */ = {isa = PBXBuildFile; fileRef = 408748B821FC6CCA00F55176 /* Main.storyboard */; };
		408748BC21FC6CCB00F55176 /* Assets.xcassets in Resources */ = {isa = PBXBuildFile; fileRef = 408748BB21FC6CCB00F55176 /* Assets.xcassets */; };
		408748BF21FC6CCB00F55176 /* LaunchScreen.storyboard in Resources */ = {isa = PBXBuildFile; fileRef = 408748BD21FC6CCB00F55176 /* LaunchScreen.storyboard */; };
		408748C721FC707500F55176 /* HalfModalViewController.swift in Sources */ = {isa = PBXBuildFile; fileRef = 408748C621FC707500F55176 /* HalfModalViewController.swift */; };
/* End PBXBuildFile section */

/* Begin PBXFileReference section */
		408748B121FC6CCA00F55176 /* HalfModalVC.app */ = {isa = PBXFileReference; explicitFileType = wrapper.application; includeInIndex = 0; path = HalfModalVC.app; sourceTree = BUILT_PRODUCTS_DIR; };
		408748B421FC6CCA00F55176 /* AppDelegate.swift */ = {isa = PBXFileReference; lastKnownFileType = sourcecode.swift; path = AppDelegate.swift; sourceTree = "<group>"; };
		408748B621FC6CCA00F55176 /* ViewController.swift */ = {isa = PBXFileReference; lastKnownFileType = sourcecode.swift; path = ViewController.swift; sourceTree = "<group>"; };
		408748B921FC6CCA00F55176 /* Base */ = {isa = PBXFileReference; lastKnownFileType = file.storyboard; name = Base; path = Base.lproj/Main.storyboard; sourceTree = "<group>"; };
		408748BB21FC6CCB00F55176 /* Assets.xcassets */ = {isa = PBXFileReference; lastKnownFileType = folder.assetcatalog; path = Assets.xcassets; sourceTree = "<group>"; };
		408748BE21FC6CCB00F55176 /* Base */ = {isa = PBXFileReference; lastKnownFileType = file.storyboard; name = Base; path = Base.lproj/LaunchScreen.storyboard; sourceTree = "<group>"; };
		408748C021FC6CCB00F55176 /* Info.plist */ = {isa = PBXFileReference; lastKnownFileType = text.plist.xml; path = Info.plist; sourceTree = "<group>"; };
		408748C621FC707500F55176 /* HalfModalViewController.swift */ = {isa = PBXFileReference; lastKnownFileType = sourcecode.swift; path = HalfModalViewController.swift; sourceTree = "<group>"; };
/* End PBXFileReference section */

/* Begin PBXFrameworksBuildPhase section */
		408748AE21FC6CCA00F55176 /* Frameworks */ = {
			isa = PBXFrameworksBuildPhase;
			buildActionMask = 2147483647;
			files = (
			);
			runOnlyForDeploymentPostprocessing = 0;
		};
/* End PBXFrameworksBuildPhase section */

/* Begin PBXGroup section */
		408748A821FC6CCA00F55176 = {
			isa = PBXGroup;
			children = (
				408748B321FC6CCA00F55176 /* HalfModalVC */,
				408748B221FC6CCA00F55176 /* Products */,
			);
			sourceTree = "<group>";
		};
		408748B221FC6CCA00F55176 /* Products */ = {
			isa = PBXGroup;
			children = (
				408748B121FC6CCA00F55176 /* HalfModalVC.app */,
			);
			name = Products;
			sourceTree = "<group>";
		};
		408748B321FC6CCA00F55176 /* HalfModalVC */ = {
			isa = PBXGroup;
			children = (
				408748B421FC6CCA00F55176 /* AppDelegate.swift */,
				408748B621FC6CCA00F55176 /* ViewController.swift */,
				408748C621FC707500F55176 /* HalfModalViewController.swift */,
				408748B821FC6CCA00F55176 /* Main.storyboard */,
				408748BB21FC6CCB00F55176 /* Assets.xcassets */,
				408748BD21FC6CCB00F55176 /* LaunchScreen.storyboard */,
				408748C021FC6CCB00F55176 /* Info.plist */,
			);
			path = HalfModalVC;
			sourceTree = "<group>";
		};
/* End PBXGroup section */

/* Begin PBXNativeTarget section */
		408748B021FC6CCA00F55176 /* HalfModalVC */ = {
			isa = PBXNativeTarget;
			buildConfigurationList = 408748C321FC6CCB00F55176 /* Build configuration list for PBXNativeTarget "HalfModalVC" */;
			buildPhases = (
				408748AD21FC6CCA00F55176 /* Sources */,
				408748AE21FC6CCA00F55176 /* Frameworks */,
				408748AF21FC6CCA00F55176 /* Resources */,
			);
			buildRules = (
			);
			dependencies = (
			);
			name = HalfModalVC;
			productName = HalfModalVC;
			productReference = 408748B121FC6CCA00F55176 /* HalfModalVC.app */;
			productType = "com.apple.product-type.application";
		};
/* End PBXNativeTarget section */

/* Begin PBXProject section */
		408748A921FC6CCA00F55176 /* Project object */ = {
			isa = PBXProject;
			attributes = {
				LastSwiftUpdateCheck = 1010;
				LastUpgradeCheck = 1010;
				ORGANIZATIONNAME = "praveen reddy";
				TargetAttributes = {
					408748B021FC6CCA00F55176 = {
						CreatedOnToolsVersion = 10.1;
					};
				};
			};
			buildConfigurationList = 408748AC21FC6CCA00F55176 /* Build configuration list for PBXProject "HalfModalVC" */;
			compatibilityVersion = "Xcode 9.3";
			developmentRegion = en;
			hasScannedForEncodings = 0;
			knownRegions = (
				en,
				Base,
			);
			mainGroup = 408748A821FC6CCA00F55176;
			productRefGroup = 408748B221FC6CCA00F55176 /* Products */;
			projectDirPath = "";
			projectRoot = "";
			targets = (
				408748B021FC6CCA00F55176 /* HalfModalVC */,
			);
		};
/* End PBXProject section */

/* Begin PBXResourcesBuildPhase section */
		408748AF21FC6CCA00F55176 /* Resources */ = {
			isa = PBXResourcesBuildPhase;
			buildActionMask = 2147483647;
			files = (
				408748BF21FC6CCB00F55176 /* LaunchScreen.storyboard in Resources */,
				408748BC21FC6CCB00F55176 /* Assets.xcassets in Resources */,
				408748BA21FC6CCA00F55176 /* Main.storyboard in Resources */,
			);
			runOnlyForDeploymentPostprocessing = 0;
		};
/* End PBXResourcesBuildPhase section */

/* Begin PBXSourcesBuildPhase section */
		408748AD21FC6CCA00F55176 /* Sources */ = {
			isa = PBXSourcesBuildPhase;
			buildActionMask = 2147483647;
			files = (
				408748C721FC707500F55176 /* HalfModalViewController.swift in Sources */,
				408748B721FC6CCA00F55176 /* ViewController.swift in Sources */,
				408748B521FC6CCA00F55176 /* AppDelegate.swift in Sources */,
			);
			runOnlyForDeploymentPostprocessing = 0;
		};
/* End PBXSourcesBuildPhase section */

/* Begin PBXVariantGroup section */
		408748B821FC6CCA00F55176 /* Main.storyboard */ = {
			isa = PBXVariantGroup;
			children = (
				408748B921FC6CCA00F55176 /* Base */,
			);
			name = Main.storyboard;
			sourceTree = "<group>";
		};
		408748BD21FC6CCB00F55176 /* LaunchScreen.storyboard */ = {
			isa = PBXVariantGroup;
			children = (
				408748BE21FC6CCB00F55176 /* Base */,
			);
			name = LaunchScreen.storyboard;
			sourceTree = "<group>";
		};
/* End PBXVariantGroup section */

/* Begin XCBuildConfiguration section */
		408748C121FC6CCB00F55176 /* Debug */ = {
			isa = XCBuildConfiguration;
			buildSettings = {
				ALWAYS_SEARCH_USER_PATHS = NO;
				CLANG_ANALYZER_NONNULL = YES;
				CLANG_ANALYZER_NUMBER_OBJECT_CONVERSION = YES_AGGRESSIVE;
				CLANG_CXX_LANGUAGE_STANDARD = "gnu++14";
				CLANG_CXX_LIBRARY = "libc++";
				CLANG_ENABLE_MODULES = YES;
				CLANG_ENABLE_OBJC_ARC = YES;
				CLANG_ENABLE_OBJC_WEAK = YES;
				CLANG_WARN_BLOCK_CAPTURE_AUTORELEASING = YES;
				CLANG_WARN_BOOL_CONVERSION = YES;
				CLANG_WARN_COMMA = YES;
				CLANG_WARN_CONSTANT_CONVERSION = YES;
				CLANG_WARN_DEPRECATED_OBJC_IMPLEMENTATIONS = YES;
				CLANG_WARN_DIRECT_OBJC_ISA_USAGE = YES_ERROR;
				CLANG_WARN_DOCUMENTATION_COMMENTS = YES;
				CLANG_WARN_EMPTY_BODY = YES;
				CLANG_WARN_ENUM_CONVERSION = YES;
				CLANG_WARN_INFINITE_RECURSION = YES;
				CLANG_WARN_INT_CONVERSION = YES;
				CLANG_WARN_NON_LITERAL_NULL_CONVERSION = YES;
				CLANG_WARN_OBJC_IMPLICIT_RETAIN_SELF = YES;
				CLANG_WARN_OBJC_LITERAL_CONVERSION = YES;
				CLANG_WARN_OBJC_ROOT_CLASS = YES_ERROR;
				CLANG_WARN_RANGE_LOOP_ANALYSIS = YES;
				CLANG_WARN_STRICT_PROTOTYPES = YES;
				CLANG_WARN_SUSPICIOUS_MOVE = YES;
				CLANG_WARN_UNGUARDED_AVAILABILITY = YES_AGGRESSIVE;
				CLANG_WARN_UNREACHABLE_CODE = YES;
				CLANG_WARN__DUPLICATE_METHOD_MATCH = YES;
				CODE_SIGN_IDENTITY = "iPhone Developer";
				COPY_PHASE_STRIP = NO;
				DEBUG_INFORMATION_FORMAT = dwarf;
				ENABLE_STRICT_OBJC_MSGSEND = YES;
				ENABLE_TESTABILITY = YES;
				GCC_C_LANGUAGE_STANDARD = gnu11;
				GCC_DYNAMIC_NO_PIC = NO;
				GCC_NO_COMMON_BLOCKS = YES;
				GCC_OPTIMIZATION_LEVEL = 0;
				GCC_PREPROCESSOR_DEFINITIONS = (
					"DEBUG=1",
					"$(inherited)",
				);
				GCC_WARN_64_TO_32_BIT_CONVERSION = YES;
				GCC_WARN_ABOUT_RETURN_TYPE = YES_ERROR;
				GCC_WARN_UNDECLARED_SELECTOR = YES;
				GCC_WARN_UNINITIALIZED_AUTOS = YES_AGGRESSIVE;
				GCC_WARN_UNUSED_FUNCTION = YES;
				GCC_WARN_UNUSED_VARIABLE = YES;
				IPHONEOS_DEPLOYMENT_TARGET = 12.1;
				MTL_ENABLE_DEBUG_INFO = INCLUDE_SOURCE;
				MTL_FAST_MATH = YES;
				ONLY_ACTIVE_ARCH = YES;
				SDKROOT = iphoneos;
				SWIFT_ACTIVE_COMPILATION_CONDITIONS = DEBUG;
				SWIFT_OPTIMIZATION_LEVEL = "-Onone";
			};
			name = Debug;
		};
		408748C221FC6CCB00F55176 /* Release */ = {
			isa = XCBuildConfiguration;
			buildSettings = {
				ALWAYS_SEARCH_USER_PATHS = NO;
				CLANG_ANALYZER_NONNULL = YES;
				CLANG_ANALYZER_NUMBER_OBJECT_CONVERSION = YES_AGGRESSIVE;
				CLANG_CXX_LANGUAGE_STANDARD = "gnu++14";
				CLANG_CXX_LIBRARY = "libc++";
				CLANG_ENABLE_MODULES = YES;
				CLANG_ENABLE_OBJC_ARC = YES;
				CLANG_ENABLE_OBJC_WEAK = YES;
				CLANG_WARN_BLOCK_CAPTURE_AUTORELEASING = YES;
				CLANG_WARN_BOOL_CONVERSION = YES;
				CLANG_WARN_COMMA = YES;
				CLANG_WARN_CONSTANT_CONVERSION = YES;
				CLANG_WARN_DEPRECATED_OBJC_IMPLEMENTATIONS = YES;
				CLANG_WARN_DIRECT_OBJC_ISA_USAGE = YES_ERROR;
				CLANG_WARN_DOCUMENTATION_COMMENTS = YES;
				CLANG_WARN_EMPTY_BODY = YES;
				CLANG_WARN_ENUM_CONVERSION = YES;
				CLANG_WARN_INFINITE_RECURSION = YES;
				CLANG_WARN_INT_CONVERSION = YES;
				CLANG_WARN_NON_LITERAL_NULL_CONVERSION = YES;
				CLANG_WARN_OBJC_IMPLICIT_RETAIN_SELF = YES;
				CLANG_WARN_OBJC_LITERAL_CONVERSION = YES;
				CLANG_WARN_OBJC_ROOT_CLASS = YES_ERROR;
				CLANG_WARN_RANGE_LOOP_ANALYSIS = YES;
				CLANG_WARN_STRICT_PROTOTYPES = YES;
				CLANG_WARN_SUSPICIOUS_MOVE = YES;
				CLANG_WARN_UNGUARDED_AVAILABILITY = YES_AGGRESSIVE;
				CLANG_WARN_UNREACHABLE_CODE = YES;
				CLANG_WARN__DUPLICATE_METHOD_MATCH = YES;
				CODE_SIGN_IDENTITY = "iPhone Developer";
				COPY_PHASE_STRIP = NO;
				DEBUG_INFORMATION_FORMAT = "dwarf-with-dsym";
				ENABLE_NS_ASSERTIONS = NO;
				ENABLE_STRICT_OBJC_MSGSEND = YES;
				GCC_C_LANGUAGE_STANDARD = gnu11;
				GCC_NO_COMMON_BLOCKS = YES;
				GCC_WARN_64_TO_32_BIT_CONVERSION = YES;
				GCC_WARN_ABOUT_RETURN_TYPE = YES_ERROR;
				GCC_WARN_UNDECLARED_SELECTOR = YES;
				GCC_WARN_UNINITIALIZED_AUTOS = YES_AGGRESSIVE;
				GCC_WARN_UNUSED_FUNCTION = YES;
				GCC_WARN_UNUSED_VARIABLE = YES;
				IPHONEOS_DEPLOYMENT_TARGET = 12.1;
				MTL_ENABLE_DEBUG_INFO = NO;
				MTL_FAST_MATH = YES;
				SDKROOT = iphoneos;
				SWIFT_COMPILATION_MODE = wholemodule;
				SWIFT_OPTIMIZATION_LEVEL = "-O";
				VALIDATE_PRODUCT = YES;
			};
			name = Release;
		};
		408748C421FC6CCB00F55176 /* Debug */ = {
			isa = XCBuildConfiguration;
			buildSettings = {
				ASSETCATALOG_COMPILER_APPICON_NAME = AppIcon;
				CODE_SIGN_STYLE = Automatic;
				DEVELOPMENT_TEAM = JTLB8FT52S;
				INFOPLIST_FILE = HalfModalVC/Info.plist;
				LD_RUNPATH_SEARCH_PATHS = (
					"$(inherited)",
					"@executable_path/Frameworks",
				);
				PRODUCT_BUNDLE_IDENTIFIER = com.myAppz.HalfModalVC;
				PRODUCT_NAME = "$(TARGET_NAME)";
				SWIFT_VERSION = 4.2;
				TARGETED_DEVICE_FAMILY = "1,2";
			};
			name = Debug;
		};
		408748C521FC6CCB00F55176 /* Release */ = {
			isa = XCBuildConfiguration;
			buildSettings = {
				ASSETCATALOG_COMPILER_APPICON_NAME = AppIcon;
				CODE_SIGN_STYLE = Automatic;
				DEVELOPMENT_TEAM = JTLB8FT52S;
				INFOPLIST_FILE = HalfModalVC/Info.plist;
				LD_RUNPATH_SEARCH_PATHS = (
					"$(inherited)",
					"@executable_path/Frameworks",
				);
				PRODUCT_BUNDLE_IDENTIFIER = com.myAppz.HalfModalVC;
				PRODUCT_NAME = "$(TARGET_NAME)";
				SWIFT_VERSION = 4.2;
				TARGETED_DEVICE_FAMILY = "1,2";
			};
			name = Release;
		};
/* End XCBuildConfiguration section */

/* Begin XCConfigurationList section */
		408748AC21FC6CCA00F55176 /* Build configuration list for PBXProject "HalfModalVC" */ = {
			isa = XCConfigurationList;
			buildConfigurations = (
				408748C121FC6CCB00F55176 /* Debug */,
				408748C221FC6CCB00F55176 /* Release */,
			);
			defaultConfigurationIsVisible = 0;
			defaultConfigurationName = Release;
		};
		408748C321FC6CCB00F55176 /* Build configuration list for PBXNativeTarget "HalfModalVC" */ = {
			isa = XCConfigurationList;
			buildConfigurations = (
				408748C421FC6CCB00F55176 /* Debug */,
				408748C521FC6CCB00F55176 /* Release */,
			);
			defaultConfigurationIsVisible = 0;
			defaultConfigurationName = Release;
		};
/* End XCConfigurationList section */
	};
	rootObject = 408748A921FC6CCA00F55176 /* Project object */;
}
